
Microsoft Visual Studio Solution File, Format Version 12.00
# Visual Studio Version 17
VisualStudioVersion = 17.0.31903.59
MinimumVisualStudioVersion = 10.0.40219.1
Project("{FAE04EC0-301F-11D3-BF4B-00C04F79EFBC}") = "CrossyRoad.Aws", "src\CrossyRoad.Aws\CrossyRoad.Aws.csproj", "{AFD86C0B-99B0-4C50-84B8-DAB86E98C434}"
EndProject
Project("{FAE04EC0-301F-11D3-BF4B-00C04F79EFBC}") = "CrossyRoad.Aws.Tests", "test\CrossyRoad.Aws.Tests\CrossyRoad.Aws.Tests.csproj", "{36BC0067-7990-41F0-B2B9-01FF34985BBC}"
EndProject
Global
	GlobalSection(SolutionConfigurationPlatforms) = preSolution
		Debug|Any CPU = Debug|Any CPU
		Release|Any CPU = Release|Any CPU
	EndGlobalSection
	GlobalSection(ProjectConfigurationPlatforms) = postSolution
		{AFD86C0B-99B0-4C50-84B8-DAB86E98C434}.Debug|Any CPU.ActiveCfg = Debug|Any CPU
		{AFD86C0B-99B0-4C50-84B8-DAB86E98C434}.Debug|Any CPU.Build.0 = Debug|Any CPU
		{AFD86C0B-99B0-4C50-84B8-DAB86E98C434}.Release|Any CPU.ActiveCfg = Release|Any CPU
		{AFD86C0B-99B0-4C50-84B8-DAB86E98C434}.Release|Any CPU.Build.0 = Release|Any CPU
		{36BC0067-7990-41F0-B2B9-01FF34985BBC}.Debug|Any CPU.ActiveCfg = Debug|Any CPU
		{36BC0067-7990-41F0-B2B9-01FF34985BBC}.Debug|Any CPU.Build.0 = Debug|Any CPU
		{36BC0067-7990-41F0-B2B9-01FF34985BBC}.Release|Any CPU.ActiveCfg = Release|Any CPU
		{36BC0067-7990-41F0-B2B9-01FF34985BBC}.Release|Any CPU.Build.0 = Release|Any CPU
	EndGlobalSection
	GlobalSection(SolutionProperties) = preSolution
		HideSolutionNode = FALSE
	EndGlobalSection
EndGlobal
